
Microsoft Visual Studio Solution File, Format Version 12.00
# Visual Studio Version 16
VisualStudioVersion = 16.0.30503.244
MinimumVisualStudioVersion = 10.0.40219.1
Project("{9A19103F-16F7-4668-BE54-9A1E7A4F7556}") = "WebAPI", "WebAPI\WebAPI.csproj", "{F99462D5-40FB-4F66-BB03-03D07A07FD63}"
EndProject
Project("{9A19103F-16F7-4668-BE54-9A1E7A4F7556}") = "Entities", "Entities\Entities.csproj", "{7B4D13DB-9616-4DF9-B429-05157345AB74}"
EndProject
Global
	GlobalSection(SolutionConfigurationPlatforms) = preSolution
		Debug|Any CPU = Debug|Any CPU
		Release|Any CPU = Release|Any CPU
	EndGlobalSection
	GlobalSection(ProjectConfigurationPlatforms) = postSolution
		{F99462D5-40FB-4F66-BB03-03D07A07FD63}.Debug|Any CPU.ActiveCfg = Debug|Any CPU
		{F99462D5-40FB-4F66-BB03-03D07A07FD63}.Debug|Any CPU.Build.0 = Debug|Any CPU
		{F99462D5-40FB-4F66-BB03-03D07A07FD63}.Release|Any CPU.ActiveCfg = Release|Any CPU
		{F99462D5-40FB-4F66-BB03-03D07A07FD63}.Release|Any CPU.Build.0 = Release|Any CPU
		{7B4D13DB-9616-4DF9-B429-05157345AB74}.Debug|Any CPU.ActiveCfg = Debug|Any CPU
		{7B4D13DB-9616-4DF9-B429-05157345AB74}.Debug|Any CPU.Build.0 = Debug|Any CPU
		{7B4D13DB-9616-4DF9-B429-05157345AB74}.Release|Any CPU.ActiveCfg = Release|Any CPU
		{7B4D13DB-9616-4DF9-B429-05157345AB74}.Release|Any CPU.Build.0 = Release|Any CPU
	EndGlobalSection
	GlobalSection(SolutionProperties) = preSolution
		HideSolutionNode = FALSE
	EndGlobalSection
	GlobalSection(ExtensibilityGlobals) = postSolution
		SolutionGuid = {8925A964-A2F4-4055-9E95-A49999FFB7B9}
	EndGlobalSection
EndGlobal
